
Microsoft Visual Studio Solution File, Format Version 12.00
# Visual Studio Version 16
VisualStudioVersion = 16.0.29306.81
MinimumVisualStudioVersion = 10.0.40219.1
Project("{FAE04EC0-301F-11D3-BF4B-00C04F79EFBC}") = "Wpf_Data Grid and Data Binding Using List", "Wpf_Data Grid and Data Binding Using List.csproj", "{DA0D5A59-A238-4224-A562-21270AE765DC}"
EndProject
Global
	GlobalSection(SolutionConfigurationPlatforms) = preSolution
		Debug|Any CPU = Debug|Any CPU
		Release|Any CPU = Release|Any CPU
	EndGlobalSection
	GlobalSection(ProjectConfigurationPlatforms) = postSolution
		{DA0D5A59-A238-4224-A562-21270AE765DC}.Debug|Any CPU.ActiveCfg = Debug|Any CPU
		{DA0D5A59-A238-4224-A562-21270AE765DC}.Debug|Any CPU.Build.0 = Debug|Any CPU
		{DA0D5A59-A238-4224-A562-21270AE765DC}.Release|Any CPU.ActiveCfg = Release|Any CPU
		{DA0D5A59-A238-4224-A562-21270AE765DC}.Release|Any CPU.Build.0 = Release|Any CPU
	EndGlobalSection
	GlobalSection(SolutionProperties) = preSolution
		HideSolutionNode = FALSE
	EndGlobalSection
	GlobalSection(ExtensibilityGlobals) = postSolution
		SolutionGuid = {88C24485-73BA-48AD-A7D5-080C98038A57}
	EndGlobalSection
EndGlobal
