
Microsoft Visual Studio Solution File, Format Version 12.00
# Visual Studio Version 16
VisualStudioVersion = 16.0.29306.81
MinimumVisualStudioVersion = 10.0.40219.1
Project("{FAE04EC0-301F-11D3-BF4B-00C04F79EFBC}") = "10. Console_OOP Multiple Inheritence Using Interfaces", "10. Console_OOP Multiple Inheritence Using Interfaces.csproj", "{64926007-30D7-44CE-ABB1-B5CD36165C71}"
EndProject
Global
	GlobalSection(SolutionConfigurationPlatforms) = preSolution
		Debug|Any CPU = Debug|Any CPU
		Release|Any CPU = Release|Any CPU
	EndGlobalSection
	GlobalSection(ProjectConfigurationPlatforms) = postSolution
		{64926007-30D7-44CE-ABB1-B5CD36165C71}.Debug|Any CPU.ActiveCfg = Debug|Any CPU
		{64926007-30D7-44CE-ABB1-B5CD36165C71}.Debug|Any CPU.Build.0 = Debug|Any CPU
		{64926007-30D7-44CE-ABB1-B5CD36165C71}.Release|Any CPU.ActiveCfg = Release|Any CPU
		{64926007-30D7-44CE-ABB1-B5CD36165C71}.Release|Any CPU.Build.0 = Release|Any CPU
	EndGlobalSection
	GlobalSection(SolutionProperties) = preSolution
		HideSolutionNode = FALSE
	EndGlobalSection
	GlobalSection(ExtensibilityGlobals) = postSolution
		SolutionGuid = {AA1086C1-3795-4DB9-9040-807C7CAFEC24}
	EndGlobalSection
EndGlobal
