
Microsoft Visual Studio Solution File, Format Version 12.00
# Visual Studio Version 16
VisualStudioVersion = 16.0.29509.3
MinimumVisualStudioVersion = 10.0.40219.1
Project("{FAE04EC0-301F-11D3-BF4B-00C04F79EFBC}") = "TCP Server", "TCP Server.csproj", "{14ECC8B1-7D49-4EC8-A4AD-D34ADE3BC904}"
EndProject
Global
	GlobalSection(SolutionConfigurationPlatforms) = preSolution
		Debug|Any CPU = Debug|Any CPU
		Release|Any CPU = Release|Any CPU
	EndGlobalSection
	GlobalSection(ProjectConfigurationPlatforms) = postSolution
		{14ECC8B1-7D49-4EC8-A4AD-D34ADE3BC904}.Debug|Any CPU.ActiveCfg = Debug|Any CPU
		{14ECC8B1-7D49-4EC8-A4AD-D34ADE3BC904}.Debug|Any CPU.Build.0 = Debug|Any CPU
		{14ECC8B1-7D49-4EC8-A4AD-D34ADE3BC904}.Release|Any CPU.ActiveCfg = Release|Any CPU
		{14ECC8B1-7D49-4EC8-A4AD-D34ADE3BC904}.Release|Any CPU.Build.0 = Release|Any CPU
	EndGlobalSection
	GlobalSection(SolutionProperties) = preSolution
		HideSolutionNode = FALSE
	EndGlobalSection
	GlobalSection(ExtensibilityGlobals) = postSolution
		SolutionGuid = {7FBE6B2B-E04C-4B26-8139-3E1E394907FC}
	EndGlobalSection
EndGlobal
