
Microsoft Visual Studio Solution File, Format Version 12.00
# Visual Studio Version 16
VisualStudioVersion = 16.0.29509.3
MinimumVisualStudioVersion = 10.0.40219.1
Project("{FAE04EC0-301F-11D3-BF4B-00C04F79EFBC}") = "TCP Client", "TCP Client.csproj", "{7695DCF9-B277-4AE0-A7B3-EE9D054B0C09}"
EndProject
Global
	GlobalSection(SolutionConfigurationPlatforms) = preSolution
		Debug|Any CPU = Debug|Any CPU
		Release|Any CPU = Release|Any CPU
	EndGlobalSection
	GlobalSection(ProjectConfigurationPlatforms) = postSolution
		{7695DCF9-B277-4AE0-A7B3-EE9D054B0C09}.Debug|Any CPU.ActiveCfg = Debug|Any CPU
		{7695DCF9-B277-4AE0-A7B3-EE9D054B0C09}.Debug|Any CPU.Build.0 = Debug|Any CPU
		{7695DCF9-B277-4AE0-A7B3-EE9D054B0C09}.Release|Any CPU.ActiveCfg = Release|Any CPU
		{7695DCF9-B277-4AE0-A7B3-EE9D054B0C09}.Release|Any CPU.Build.0 = Release|Any CPU
	EndGlobalSection
	GlobalSection(SolutionProperties) = preSolution
		HideSolutionNode = FALSE
	EndGlobalSection
	GlobalSection(ExtensibilityGlobals) = postSolution
		SolutionGuid = {F2F1ACD1-CBA6-4D4A-B2BE-53C657BAB4B7}
	EndGlobalSection
EndGlobal
