
Microsoft Visual Studio Solution File, Format Version 12.00
# Visual Studio Version 16
VisualStudioVersion = 16.0.29306.81
MinimumVisualStudioVersion = 10.0.40219.1
Project("{FAE04EC0-301F-11D3-BF4B-00C04F79EFBC}") = "8. Console_OOP Virtual", "8. Console_OOP Virtual.csproj", "{DAEA049C-80EB-4DBA-9BDB-96FACDEDE9C5}"
EndProject
Global
	GlobalSection(SolutionConfigurationPlatforms) = preSolution
		Debug|Any CPU = Debug|Any CPU
		Release|Any CPU = Release|Any CPU
	EndGlobalSection
	GlobalSection(ProjectConfigurationPlatforms) = postSolution
		{DAEA049C-80EB-4DBA-9BDB-96FACDEDE9C5}.Debug|Any CPU.ActiveCfg = Debug|Any CPU
		{DAEA049C-80EB-4DBA-9BDB-96FACDEDE9C5}.Debug|Any CPU.Build.0 = Debug|Any CPU
		{DAEA049C-80EB-4DBA-9BDB-96FACDEDE9C5}.Release|Any CPU.ActiveCfg = Release|Any CPU
		{DAEA049C-80EB-4DBA-9BDB-96FACDEDE9C5}.Release|Any CPU.Build.0 = Release|Any CPU
	EndGlobalSection
	GlobalSection(SolutionProperties) = preSolution
		HideSolutionNode = FALSE
	EndGlobalSection
	GlobalSection(ExtensibilityGlobals) = postSolution
		SolutionGuid = {AEA12147-E7E6-4125-B4D4-EAA70249679F}
	EndGlobalSection
EndGlobal
