
Microsoft Visual Studio Solution File, Format Version 12.00
# Visual Studio Version 16
VisualStudioVersion = 16.0.29509.3
MinimumVisualStudioVersion = 10.0.40219.1
Project("{FAE04EC0-301F-11D3-BF4B-00C04F79EFBC}") = "Console_Multithreading", "Console_Multithreading.csproj", "{14279B28-0C46-423B-AFDA-1991A357E200}"
EndProject
Global
	GlobalSection(SolutionConfigurationPlatforms) = preSolution
		Debug|Any CPU = Debug|Any CPU
		Release|Any CPU = Release|Any CPU
	EndGlobalSection
	GlobalSection(ProjectConfigurationPlatforms) = postSolution
		{14279B28-0C46-423B-AFDA-1991A357E200}.Debug|Any CPU.ActiveCfg = Debug|Any CPU
		{14279B28-0C46-423B-AFDA-1991A357E200}.Debug|Any CPU.Build.0 = Debug|Any CPU
		{14279B28-0C46-423B-AFDA-1991A357E200}.Release|Any CPU.ActiveCfg = Release|Any CPU
		{14279B28-0C46-423B-AFDA-1991A357E200}.Release|Any CPU.Build.0 = Release|Any CPU
	EndGlobalSection
	GlobalSection(SolutionProperties) = preSolution
		HideSolutionNode = FALSE
	EndGlobalSection
	GlobalSection(ExtensibilityGlobals) = postSolution
		SolutionGuid = {21963D11-3541-43EF-938A-2199E07068B1}
	EndGlobalSection
EndGlobal
