
Microsoft Visual Studio Solution File, Format Version 12.00
# Visual Studio Version 16
VisualStudioVersion = 16.0.29509.3
MinimumVisualStudioVersion = 10.0.40219.1
Project("{FAE04EC0-301F-11D3-BF4B-00C04F79EFBC}") = "Navigation Click Button or HyperLink Csharp", "Navigation Click Button or HyperLink Csharp.csproj", "{5EC45931-2FE8-419C-90BE-10CD5C5790FE}"
EndProject
Global
	GlobalSection(SolutionConfigurationPlatforms) = preSolution
		Debug|Any CPU = Debug|Any CPU
		Release|Any CPU = Release|Any CPU
	EndGlobalSection
	GlobalSection(ProjectConfigurationPlatforms) = postSolution
		{5EC45931-2FE8-419C-90BE-10CD5C5790FE}.Debug|Any CPU.ActiveCfg = Debug|Any CPU
		{5EC45931-2FE8-419C-90BE-10CD5C5790FE}.Debug|Any CPU.Build.0 = Debug|Any CPU
		{5EC45931-2FE8-419C-90BE-10CD5C5790FE}.Release|Any CPU.ActiveCfg = Release|Any CPU
		{5EC45931-2FE8-419C-90BE-10CD5C5790FE}.Release|Any CPU.Build.0 = Release|Any CPU
	EndGlobalSection
	GlobalSection(SolutionProperties) = preSolution
		HideSolutionNode = FALSE
	EndGlobalSection
	GlobalSection(ExtensibilityGlobals) = postSolution
		SolutionGuid = {79F94448-949A-461B-9815-E8F9A3AE1346}
	EndGlobalSection
EndGlobal
