
Microsoft Visual Studio Solution File, Format Version 12.00
# Visual Studio Version 16
VisualStudioVersion = 16.0.29509.3
MinimumVisualStudioVersion = 10.0.40219.1
Project("{FAE04EC0-301F-11D3-BF4B-00C04F79EFBC}") = "Delegates", "Delegates.csproj", "{F73497AE-C562-47E6-8176-EDFAFEDF03B3}"
EndProject
Global
	GlobalSection(SolutionConfigurationPlatforms) = preSolution
		Debug|Any CPU = Debug|Any CPU
		Release|Any CPU = Release|Any CPU
	EndGlobalSection
	GlobalSection(ProjectConfigurationPlatforms) = postSolution
		{F73497AE-C562-47E6-8176-EDFAFEDF03B3}.Debug|Any CPU.ActiveCfg = Debug|Any CPU
		{F73497AE-C562-47E6-8176-EDFAFEDF03B3}.Debug|Any CPU.Build.0 = Debug|Any CPU
		{F73497AE-C562-47E6-8176-EDFAFEDF03B3}.Release|Any CPU.ActiveCfg = Release|Any CPU
		{F73497AE-C562-47E6-8176-EDFAFEDF03B3}.Release|Any CPU.Build.0 = Release|Any CPU
	EndGlobalSection
	GlobalSection(SolutionProperties) = preSolution
		HideSolutionNode = FALSE
	EndGlobalSection
	GlobalSection(ExtensibilityGlobals) = postSolution
		SolutionGuid = {3B670DEA-7517-4BD1-8266-6575CB111345}
	EndGlobalSection
EndGlobal
