
Microsoft Visual Studio Solution File, Format Version 12.00
# Visual Studio Version 16
VisualStudioVersion = 16.0.28729.10
MinimumVisualStudioVersion = 10.0.40219.1
Project("{FAE04EC0-301F-11D3-BF4B-00C04F79EFBC}") = "Console_Functions and Passing by Ref or Value", "Console_Functions and Passing by Ref or Value.csproj", "{45C883C3-54DD-4568-88E6-26DCB9C4F05B}"
EndProject
Global
	GlobalSection(SolutionConfigurationPlatforms) = preSolution
		Debug|Any CPU = Debug|Any CPU
		Release|Any CPU = Release|Any CPU
	EndGlobalSection
	GlobalSection(ProjectConfigurationPlatforms) = postSolution
		{45C883C3-54DD-4568-88E6-26DCB9C4F05B}.Debug|Any CPU.ActiveCfg = Debug|Any CPU
		{45C883C3-54DD-4568-88E6-26DCB9C4F05B}.Debug|Any CPU.Build.0 = Debug|Any CPU
		{45C883C3-54DD-4568-88E6-26DCB9C4F05B}.Release|Any CPU.ActiveCfg = Release|Any CPU
		{45C883C3-54DD-4568-88E6-26DCB9C4F05B}.Release|Any CPU.Build.0 = Release|Any CPU
	EndGlobalSection
	GlobalSection(SolutionProperties) = preSolution
		HideSolutionNode = FALSE
	EndGlobalSection
	GlobalSection(ExtensibilityGlobals) = postSolution
		SolutionGuid = {AE9949E0-2387-4CA1-91EF-2E20F5896E3F}
	EndGlobalSection
EndGlobal
