
Microsoft Visual Studio Solution File, Format Version 12.00
# Visual Studio Version 16
VisualStudioVersion = 16.0.29306.81
MinimumVisualStudioVersion = 10.0.40219.1
Project("{FAE04EC0-301F-11D3-BF4B-00C04F79EFBC}") = "Console_Data Structures 2D Array", "Console_Data Structures 2D Array.csproj", "{02CA6181-8891-4E8A-BD5D-969944A5DFC5}"
EndProject
Global
	GlobalSection(SolutionConfigurationPlatforms) = preSolution
		Debug|Any CPU = Debug|Any CPU
		Release|Any CPU = Release|Any CPU
	EndGlobalSection
	GlobalSection(ProjectConfigurationPlatforms) = postSolution
		{02CA6181-8891-4E8A-BD5D-969944A5DFC5}.Debug|Any CPU.ActiveCfg = Debug|Any CPU
		{02CA6181-8891-4E8A-BD5D-969944A5DFC5}.Debug|Any CPU.Build.0 = Debug|Any CPU
		{02CA6181-8891-4E8A-BD5D-969944A5DFC5}.Release|Any CPU.ActiveCfg = Release|Any CPU
		{02CA6181-8891-4E8A-BD5D-969944A5DFC5}.Release|Any CPU.Build.0 = Release|Any CPU
	EndGlobalSection
	GlobalSection(SolutionProperties) = preSolution
		HideSolutionNode = FALSE
	EndGlobalSection
	GlobalSection(ExtensibilityGlobals) = postSolution
		SolutionGuid = {4672E973-2F8C-48C1-8996-1CAC393B5F33}
	EndGlobalSection
EndGlobal
