
Microsoft Visual Studio Solution File, Format Version 12.00
# Visual Studio Version 16
VisualStudioVersion = 16.0.29306.81
MinimumVisualStudioVersion = 10.0.40219.1
Project("{FAE04EC0-301F-11D3-BF4B-00C04F79EFBC}") = "Console_OOP Access Modifiers and Properties", "Console_OOP Access Modifiers and Properties.csproj", "{C764BB4C-5CF3-4892-8644-45730985DB91}"
EndProject
Global
	GlobalSection(SolutionConfigurationPlatforms) = preSolution
		Debug|Any CPU = Debug|Any CPU
		Release|Any CPU = Release|Any CPU
	EndGlobalSection
	GlobalSection(ProjectConfigurationPlatforms) = postSolution
		{C764BB4C-5CF3-4892-8644-45730985DB91}.Debug|Any CPU.ActiveCfg = Debug|Any CPU
		{C764BB4C-5CF3-4892-8644-45730985DB91}.Debug|Any CPU.Build.0 = Debug|Any CPU
		{C764BB4C-5CF3-4892-8644-45730985DB91}.Release|Any CPU.ActiveCfg = Release|Any CPU
		{C764BB4C-5CF3-4892-8644-45730985DB91}.Release|Any CPU.Build.0 = Release|Any CPU
	EndGlobalSection
	GlobalSection(SolutionProperties) = preSolution
		HideSolutionNode = FALSE
	EndGlobalSection
	GlobalSection(ExtensibilityGlobals) = postSolution
		SolutionGuid = {9EE17F65-C4A6-4868-8040-CC556BDAC762}
	EndGlobalSection
EndGlobal
